
Microsoft Visual Studio Solution File, Format Version 12.00
# Visual Studio Version 17
VisualStudioVersion = 17.12.35514.174 d17.12
MinimumVisualStudioVersion = 10.0.40219.1
Project("{FAE04EC0-301F-11D3-BF4B-00C04F79EFBC}") = "Quan_Ly_Thu_Vien_Winform", "Quan_Ly_Thu_Vien_Winform\Quan_Ly_Thu_Vien_Winform.csproj", "{AAD7C28E-7821-4E2A-B11B-5F56059955D7}"
EndProject
Global
	GlobalSection(SolutionConfigurationPlatforms) = preSolution
		Debug|Any CPU = Debug|Any CPU
		Release|Any CPU = Release|Any CPU
	EndGlobalSection
	GlobalSection(ProjectConfigurationPlatforms) = postSolution
		{AAD7C28E-7821-4E2A-B11B-5F56059955D7}.Debug|Any CPU.ActiveCfg = Debug|Any CPU
		{AAD7C28E-7821-4E2A-B11B-5F56059955D7}.Debug|Any CPU.Build.0 = Debug|Any CPU
		{AAD7C28E-7821-4E2A-B11B-5F56059955D7}.Release|Any CPU.ActiveCfg = Release|Any CPU
		{AAD7C28E-7821-4E2A-B11B-5F56059955D7}.Release|Any CPU.Build.0 = Release|Any CPU
	EndGlobalSection
	GlobalSection(SolutionProperties) = preSolution
		HideSolutionNode = FALSE
	EndGlobalSection
EndGlobal
